
Microsoft Visual Studio Solution File, Format Version 12.00
# Visual Studio Version 17
VisualStudioVersion = 17.2.32616.157
MinimumVisualStudioVersion = 10.0.40219.1
Project("{2150E333-8FDC-42A3-9474-1A3956D46DE8}") = "Aspect", "Aspect", "{E43C68C9-A227-411E-8091-BCE0986B10A0}"
EndProject
Project("{FAE04EC0-301F-11D3-BF4B-00C04F79EFBC}") = "AspectDN.Common", "AspectDN.Common\AspectDN.Common.csproj", "{FB4A1ED8-2EC2-4A6B-9FF8-E5F2B9BEB21F}"
EndProject
Project("{2150E333-8FDC-42A3-9474-1A3956D46DE8}") = "Weaving", "Weaving", "{3ABC5906-C6E3-4925-B12A-9B2017AE9411}"
EndProject
Project("{FAE04EC0-301F-11D3-BF4B-00C04F79EFBC}") = "AspectDN.Aspect.Weaving.IConcerns", "Aspect\Weaving\AspectDN.Aspect.Weaving.IConcerns\AspectDN.Aspect.Weaving.IConcerns.csproj", "{D8D9C39E-F918-4C40-A6F9-A3E884FBE4A1}"
EndProject
Project("{FAE04EC0-301F-11D3-BF4B-00C04F79EFBC}") = "AspectDN.Aspect.Weaving.IJoinpoints", "Aspect\Weaving\AspectDN.Aspect.Weaving.IJoinpoints\AspectDN.Aspect.Weaving.IJoinpoints.csproj", "{C83CAAC1-874D-4134-9EC9-E32152E42CD1}"
EndProject
Project("{FAE04EC0-301F-11D3-BF4B-00C04F79EFBC}") = "AspectDN.Aspect.Weaving", "Aspect\Weaving\AspectDN.Aspect.Weaving\AspectDN.Aspect.Weaving.csproj", "{62593529-EEFD-49A0-855A-899939467C7C}"
EndProject
Project("{FAE04EC0-301F-11D3-BF4B-00C04F79EFBC}") = "AspectDN.Aspect.Weaving.Marker", "Aspect\Weaving\AspectDN.Aspect.Weaving.Marker\AspectDN.Aspect.Weaving.Marker.csproj", "{B4A70B64-8F13-4DC0-A9F2-DFF131F09A01}"
EndProject
Project("{FAE04EC0-301F-11D3-BF4B-00C04F79EFBC}") = "AspectDN.Aspect.Concerns", "Aspect\AspectDN.Aspect.Concerns\AspectDN.Aspect.Concerns.csproj", "{393F5B95-A87B-420B-9DCF-B559E1380266}"
EndProject
Project("{FAE04EC0-301F-11D3-BF4B-00C04F79EFBC}") = "AspectDN.Aspect.Joinpoints", "Aspect\AspectDN.Aspect.Joinpoints\AspectDN.Aspect.Joinpoints.csproj", "{B741C79D-4928-4EC1-8497-84C75FD2A739}"
EndProject
Project("{2150E333-8FDC-42A3-9474-1A3956D46DE8}") = "Solution", "Solution", "{7BF1A7DA-C0A5-4981-B098-6EE3FE5A91E7}"
EndProject
Project("{FAE04EC0-301F-11D3-BF4B-00C04F79EFBC}") = "AspectDN", "AspectDN\AspectDN.csproj", "{24BFFDC1-5CAA-4AD1-ADC3-33DEF9F5C00A}"
EndProject
Project("{FAE04EC0-301F-11D3-BF4B-00C04F79EFBC}") = "AspectDN.Aspect.Compilation.Foundation", "Aspect\Compilation\AspectDN.Aspect.Compilation.Foundation\AspectDN.Aspect.Compilation.Foundation.csproj", "{1E8F5177-C767-4909-9CCE-717D65549CD0}"
EndProject
Project("{2150E333-8FDC-42A3-9474-1A3956D46DE8}") = "Compilation", "Compilation", "{ACF61482-78AB-4EE2-9A84-2537981416BA}"
EndProject
Project("{FAE04EC0-301F-11D3-BF4B-00C04F79EFBC}") = "AspectDN.Aspect.Compilation.CS", "Aspect\Compilation\CS\AspectDN.Aspect.Compilation.CS\AspectDN.Aspect.Compilation.CS.csproj", "{0C4A83BC-CC95-4B50-9544-91C6EF966FC7}"
EndProject
Project("{FAE04EC0-301F-11D3-BF4B-00C04F79EFBC}") = "AspectDN.Aspect.Compilation.CS.CS5", "Aspect\Compilation\CS\AspectDN.Aspect.Compilation.CS.CS5\AspectDN.Aspect.Compilation.CS.CS5.csproj", "{96FD6A91-A1BA-4CBB-BA4F-0CD282BEE517}"
EndProject
Project("{2150E333-8FDC-42A3-9474-1A3956D46DE8}") = "CS", "CS", "{6BB192F2-B5E2-491F-A0C2-C89084F5F28B}"
EndProject
Project("{FAE04EC0-301F-11D3-BF4B-00C04F79EFBC}") = "AspectDN.Aspect.Syntax.CS.CS5Syntax", "Aspect\Syntax\CS\AspectDN.Aspect.Syntax.CS.CS5Syntax\AspectDN.Aspect.Syntax.CS.CS5Syntax.csproj", "{A7A12336-E293-45C1-96F4-E640774470B4}"
EndProject
Project("{2150E333-8FDC-42A3-9474-1A3956D46DE8}") = "Syntax", "Syntax", "{3E04B522-D96B-438B-92BC-92FB83CF72B3}"
EndProject
Project("{2150E333-8FDC-42A3-9474-1A3956D46DE8}") = "CS", "CS", "{81BDADCF-50E8-480C-A26B-302200F2A46F}"
EndProject
Global
	GlobalSection(SolutionConfigurationPlatforms) = preSolution
		Debug|Any CPU = Debug|Any CPU
		Release|Any CPU = Release|Any CPU
	EndGlobalSection
	GlobalSection(ProjectConfigurationPlatforms) = postSolution
		{FB4A1ED8-2EC2-4A6B-9FF8-E5F2B9BEB21F}.Debug|Any CPU.ActiveCfg = Debug|Any CPU
		{FB4A1ED8-2EC2-4A6B-9FF8-E5F2B9BEB21F}.Debug|Any CPU.Build.0 = Debug|Any CPU
		{FB4A1ED8-2EC2-4A6B-9FF8-E5F2B9BEB21F}.Release|Any CPU.ActiveCfg = Release|Any CPU
		{FB4A1ED8-2EC2-4A6B-9FF8-E5F2B9BEB21F}.Release|Any CPU.Build.0 = Release|Any CPU
		{D8D9C39E-F918-4C40-A6F9-A3E884FBE4A1}.Debug|Any CPU.ActiveCfg = Debug|Any CPU
		{D8D9C39E-F918-4C40-A6F9-A3E884FBE4A1}.Debug|Any CPU.Build.0 = Debug|Any CPU
		{D8D9C39E-F918-4C40-A6F9-A3E884FBE4A1}.Release|Any CPU.ActiveCfg = Release|Any CPU
		{D8D9C39E-F918-4C40-A6F9-A3E884FBE4A1}.Release|Any CPU.Build.0 = Release|Any CPU
		{C83CAAC1-874D-4134-9EC9-E32152E42CD1}.Debug|Any CPU.ActiveCfg = Debug|Any CPU
		{C83CAAC1-874D-4134-9EC9-E32152E42CD1}.Debug|Any CPU.Build.0 = Debug|Any CPU
		{C83CAAC1-874D-4134-9EC9-E32152E42CD1}.Release|Any CPU.ActiveCfg = Release|Any CPU
		{C83CAAC1-874D-4134-9EC9-E32152E42CD1}.Release|Any CPU.Build.0 = Release|Any CPU
		{62593529-EEFD-49A0-855A-899939467C7C}.Debug|Any CPU.ActiveCfg = Debug|Any CPU
		{62593529-EEFD-49A0-855A-899939467C7C}.Debug|Any CPU.Build.0 = Debug|Any CPU
		{62593529-EEFD-49A0-855A-899939467C7C}.Release|Any CPU.ActiveCfg = Release|Any CPU
		{62593529-EEFD-49A0-855A-899939467C7C}.Release|Any CPU.Build.0 = Release|Any CPU
		{B4A70B64-8F13-4DC0-A9F2-DFF131F09A01}.Debug|Any CPU.ActiveCfg = Debug|Any CPU
		{B4A70B64-8F13-4DC0-A9F2-DFF131F09A01}.Debug|Any CPU.Build.0 = Debug|Any CPU
		{B4A70B64-8F13-4DC0-A9F2-DFF131F09A01}.Release|Any CPU.ActiveCfg = Release|Any CPU
		{B4A70B64-8F13-4DC0-A9F2-DFF131F09A01}.Release|Any CPU.Build.0 = Release|Any CPU
		{393F5B95-A87B-420B-9DCF-B559E1380266}.Debug|Any CPU.ActiveCfg = Debug|Any CPU
		{393F5B95-A87B-420B-9DCF-B559E1380266}.Debug|Any CPU.Build.0 = Debug|Any CPU
		{393F5B95-A87B-420B-9DCF-B559E1380266}.Release|Any CPU.ActiveCfg = Release|Any CPU
		{393F5B95-A87B-420B-9DCF-B559E1380266}.Release|Any CPU.Build.0 = Release|Any CPU
		{B741C79D-4928-4EC1-8497-84C75FD2A739}.Debug|Any CPU.ActiveCfg = Debug|Any CPU
		{B741C79D-4928-4EC1-8497-84C75FD2A739}.Debug|Any CPU.Build.0 = Debug|Any CPU
		{B741C79D-4928-4EC1-8497-84C75FD2A739}.Release|Any CPU.ActiveCfg = Release|Any CPU
		{B741C79D-4928-4EC1-8497-84C75FD2A739}.Release|Any CPU.Build.0 = Release|Any CPU
		{24BFFDC1-5CAA-4AD1-ADC3-33DEF9F5C00A}.Debug|Any CPU.ActiveCfg = Debug|Any CPU
		{24BFFDC1-5CAA-4AD1-ADC3-33DEF9F5C00A}.Debug|Any CPU.Build.0 = Debug|Any CPU
		{24BFFDC1-5CAA-4AD1-ADC3-33DEF9F5C00A}.Release|Any CPU.ActiveCfg = Release|Any CPU
		{24BFFDC1-5CAA-4AD1-ADC3-33DEF9F5C00A}.Release|Any CPU.Build.0 = Release|Any CPU
		{1E8F5177-C767-4909-9CCE-717D65549CD0}.Debug|Any CPU.ActiveCfg = Debug|Any CPU
		{1E8F5177-C767-4909-9CCE-717D65549CD0}.Debug|Any CPU.Build.0 = Debug|Any CPU
		{1E8F5177-C767-4909-9CCE-717D65549CD0}.Release|Any CPU.ActiveCfg = Release|Any CPU
		{1E8F5177-C767-4909-9CCE-717D65549CD0}.Release|Any CPU.Build.0 = Release|Any CPU
		{0C4A83BC-CC95-4B50-9544-91C6EF966FC7}.Debug|Any CPU.ActiveCfg = Debug|Any CPU
		{0C4A83BC-CC95-4B50-9544-91C6EF966FC7}.Debug|Any CPU.Build.0 = Debug|Any CPU
		{0C4A83BC-CC95-4B50-9544-91C6EF966FC7}.Release|Any CPU.ActiveCfg = Release|Any CPU
		{0C4A83BC-CC95-4B50-9544-91C6EF966FC7}.Release|Any CPU.Build.0 = Release|Any CPU
		{96FD6A91-A1BA-4CBB-BA4F-0CD282BEE517}.Debug|Any CPU.ActiveCfg = Debug|Any CPU
		{96FD6A91-A1BA-4CBB-BA4F-0CD282BEE517}.Debug|Any CPU.Build.0 = Debug|Any CPU
		{96FD6A91-A1BA-4CBB-BA4F-0CD282BEE517}.Release|Any CPU.ActiveCfg = Release|Any CPU
		{96FD6A91-A1BA-4CBB-BA4F-0CD282BEE517}.Release|Any CPU.Build.0 = Release|Any CPU
		{A7A12336-E293-45C1-96F4-E640774470B4}.Debug|Any CPU.ActiveCfg = Debug|Any CPU
		{A7A12336-E293-45C1-96F4-E640774470B4}.Debug|Any CPU.Build.0 = Debug|Any CPU
		{A7A12336-E293-45C1-96F4-E640774470B4}.Release|Any CPU.ActiveCfg = Release|Any CPU
		{A7A12336-E293-45C1-96F4-E640774470B4}.Release|Any CPU.Build.0 = Release|Any CPU
	EndGlobalSection
	GlobalSection(SolutionProperties) = preSolution
		HideSolutionNode = FALSE
	EndGlobalSection
	GlobalSection(NestedProjects) = preSolution
		{E43C68C9-A227-411E-8091-BCE0986B10A0} = {7BF1A7DA-C0A5-4981-B098-6EE3FE5A91E7}
		{FB4A1ED8-2EC2-4A6B-9FF8-E5F2B9BEB21F} = {7BF1A7DA-C0A5-4981-B098-6EE3FE5A91E7}
		{3ABC5906-C6E3-4925-B12A-9B2017AE9411} = {E43C68C9-A227-411E-8091-BCE0986B10A0}
		{D8D9C39E-F918-4C40-A6F9-A3E884FBE4A1} = {3ABC5906-C6E3-4925-B12A-9B2017AE9411}
		{C83CAAC1-874D-4134-9EC9-E32152E42CD1} = {3ABC5906-C6E3-4925-B12A-9B2017AE9411}
		{62593529-EEFD-49A0-855A-899939467C7C} = {3ABC5906-C6E3-4925-B12A-9B2017AE9411}
		{B4A70B64-8F13-4DC0-A9F2-DFF131F09A01} = {3ABC5906-C6E3-4925-B12A-9B2017AE9411}
		{393F5B95-A87B-420B-9DCF-B559E1380266} = {E43C68C9-A227-411E-8091-BCE0986B10A0}
		{B741C79D-4928-4EC1-8497-84C75FD2A739} = {E43C68C9-A227-411E-8091-BCE0986B10A0}
		{24BFFDC1-5CAA-4AD1-ADC3-33DEF9F5C00A} = {7BF1A7DA-C0A5-4981-B098-6EE3FE5A91E7}
		{1E8F5177-C767-4909-9CCE-717D65549CD0} = {ACF61482-78AB-4EE2-9A84-2537981416BA}
		{ACF61482-78AB-4EE2-9A84-2537981416BA} = {7BF1A7DA-C0A5-4981-B098-6EE3FE5A91E7}
		{0C4A83BC-CC95-4B50-9544-91C6EF966FC7} = {6BB192F2-B5E2-491F-A0C2-C89084F5F28B}
		{96FD6A91-A1BA-4CBB-BA4F-0CD282BEE517} = {6BB192F2-B5E2-491F-A0C2-C89084F5F28B}
		{6BB192F2-B5E2-491F-A0C2-C89084F5F28B} = {ACF61482-78AB-4EE2-9A84-2537981416BA}
		{A7A12336-E293-45C1-96F4-E640774470B4} = {81BDADCF-50E8-480C-A26B-302200F2A46F}
		{3E04B522-D96B-438B-92BC-92FB83CF72B3} = {E43C68C9-A227-411E-8091-BCE0986B10A0}
		{81BDADCF-50E8-480C-A26B-302200F2A46F} = {3E04B522-D96B-438B-92BC-92FB83CF72B3}
	EndGlobalSection
	GlobalSection(ExtensibilityGlobals) = postSolution
		SolutionGuid = {77C30FF0-C00B-4F58-A983-F29DCB760B27}
	EndGlobalSection
EndGlobal
